// !$*UTF8*$!
{
	archiveVersion = 1;
	classes = {
	};
	objectVersion = 50;
	objects = {

/* Begin PBXBuildFile section */
		8AF04AB826AE790700202054 /* AppDelegate.swift in Sources */ = {isa = PBXBuildFile; fileRef = 8AF04AB726AE790700202054 /* AppDelegate.swift */; };
		8AF04ABA26AE790700202054 /* SceneDelegate.swift in Sources */ = {isa = PBXBuildFile; fileRef = 8AF04AB926AE790700202054 /* SceneDelegate.swift */; };
		8AF04ABC26AE790700202054 /* ViewController.swift in Sources */ = {isa = PBXBuildFile; fileRef = 8AF04ABB26AE790700202054 /* ViewController.swift */; };
		8AF04ABF26AE790700202054 /* Main.storyboard in Resources */ = {isa = PBXBuildFile; fileRef = 8AF04ABD26AE790700202054 /* Main.storyboard */; };
		8AF04AC126AE790800202054 /* Assets.xcassets in Resources */ = {isa = PBXBuildFile; fileRef = 8AF04AC026AE790800202054 /* Assets.xcassets */; };
		8AF04AC426AE790800202054 /* LaunchScreen.storyboard in Resources */ = {isa = PBXBuildFile; fileRef = 8AF04AC226AE790800202054 /* LaunchScreen.storyboard */; };
		8AF04ACF26AE790800202054 /* PaginationTests.swift in Sources */ = {isa = PBXBuildFile; fileRef = 8AF04ACE26AE790800202054 /* PaginationTests.swift */; };
		8AF04ADA26AE790800202054 /* PaginationUITests.swift in Sources */ = {isa = PBXBuildFile; fileRef = 8AF04AD926AE790800202054 /* PaginationUITests.swift */; };
/* End PBXBuildFile section */

/* Begin PBXContainerItemProxy section */
		8AF04ACB26AE790800202054 /* PBXContainerItemProxy */ = {
			isa = PBXContainerItemProxy;
			containerPortal = 8AF04AAC26AE790700202054 /* Project object */;
			proxyType = 1;
			remoteGlobalIDString = 8AF04AB326AE790700202054;
			remoteInfo = Pagination;
		};
		8AF04AD626AE790800202054 /* PBXContainerItemProxy */ = {
			isa = PBXContainerItemProxy;
			containerPortal = 8AF04AAC26AE790700202054 /* Project object */;
			proxyType = 1;
			remoteGlobalIDString = 8AF04AB326AE790700202054;
			remoteInfo = Pagination;
		};
/* End PBXContainerItemProxy section */

/* Begin PBXFileReference section */
		8AF04AB426AE790700202054 /* Pagination.app */ = {isa = PBXFileReference; explicitFileType = wrapper.application; includeInIndex = 0; path = Pagination.app; sourceTree = BUILT_PRODUCTS_DIR; };
		8AF04AB726AE790700202054 /* AppDelegate.swift */ = {isa = PBXFileReference; lastKnownFileType = sourcecode.swift; path = AppDelegate.swift; sourceTree = "<group>"; };
		8AF04AB926AE790700202054 /* SceneDelegate.swift */ = {isa = PBXFileReference; lastKnownFileType = sourcecode.swift; path = SceneDelegate.swift; sourceTree = "<group>"; };
		8AF04ABB26AE790700202054 /* ViewController.swift */ = {isa = PBXFileReference; lastKnownFileType = sourcecode.swift; path = ViewController.swift; sourceTree = "<group>"; };
		8AF04ABE26AE790700202054 /* Base */ = {isa = PBXFileReference; lastKnownFileType = file.storyboard; name = Base; path = Base.lproj/Main.storyboard; sourceTree = "<group>"; };
		8AF04AC026AE790800202054 /* Assets.xcassets */ = {isa = PBXFileReference; lastKnownFileType = folder.assetcatalog; path = Assets.xcassets; sourceTree = "<group>"; };
		8AF04AC326AE790800202054 /* Base */ = {isa = PBXFileReference; lastKnownFileType = file.storyboard; name = Base; path = Base.lproj/LaunchScreen.storyboard; sourceTree = "<group>"; };
		8AF04AC526AE790800202054 /* Info.plist */ = {isa = PBXFileReference; lastKnownFileType = text.plist.xml; path = Info.plist; sourceTree = "<group>"; };
		8AF04ACA26AE790800202054 /* PaginationTests.xctest */ = {isa = PBXFileReference; explicitFileType = wrapper.cfbundle; includeInIndex = 0; path = PaginationTests.xctest; sourceTree = BUILT_PRODUCTS_DIR; };
		8AF04ACE26AE790800202054 /* PaginationTests.swift */ = {isa = PBXFileReference; lastKnownFileType = sourcecode.swift; path = PaginationTests.swift; sourceTree = "<group>"; };
		8AF04AD026AE790800202054 /* Info.plist */ = {isa = PBXFileReference; lastKnownFileType = text.plist.xml; path = Info.plist; sourceTree = "<group>"; };
		8AF04AD526AE790800202054 /* PaginationUITests.xctest */ = {isa = PBXFileReference; explicitFileType = wrapper.cfbundle; includeInIndex = 0; path = PaginationUITests.xctest; sourceTree = BUILT_PRODUCTS_DIR; };
		8AF04AD926AE790800202054 /* PaginationUITests.swift */ = {isa = PBXFileReference; lastKnownFileType = sourcecode.swift; path = PaginationUITests.swift; sourceTree = "<group>"; };
		8AF04ADB26AE790800202054 /* Info.plist */ = {isa = PBXFileReference; lastKnownFileType = text.plist.xml; path = Info.plist; sourceTree = "<group>"; };
/* End PBXFileReference section */

/* Begin PBXFrameworksBuildPhase section */
		8AF04AB126AE790700202054 /* Frameworks */ = {
			isa = PBXFrameworksBuildPhase;
			buildActionMask = 2147483647;
			files = (
			);
			runOnlyForDeploymentPostprocessing = 0;
		};
		8AF04AC726AE790800202054 /* Frameworks */ = {
			isa = PBXFrameworksBuildPhase;
			buildActionMask = 2147483647;
			files = (
			);
			runOnlyForDeploymentPostprocessing = 0;
		};
		8AF04AD226AE790800202054 /* Frameworks */ = {
			isa = PBXFrameworksBuildPhase;
			buildActionMask = 2147483647;
			files = (
			);
			runOnlyForDeploymentPostprocessing = 0;
		};
/* End PBXFrameworksBuildPhase section */

/* Begin PBXGroup section */
		8AF04AAB26AE790700202054 = {
			isa = PBXGroup;
			children = (
				8AF04AB626AE790700202054 /* Pagination */,
				8AF04ACD26AE790800202054 /* PaginationTests */,
				8AF04AD826AE790800202054 /* PaginationUITests */,
				8AF04AB526AE790700202054 /* Products */,
			);
			sourceTree = "<group>";
		};
		8AF04AB526AE790700202054 /* Products */ = {
			isa = PBXGroup;
			children = (
				8AF04AB426AE790700202054 /* Pagination.app */,
				8AF04ACA26AE790800202054 /* PaginationTests.xctest */,
				8AF04AD526AE790800202054 /* PaginationUITests.xctest */,
			);
			name = Products;
			sourceTree = "<group>";
		};
		8AF04AB626AE790700202054 /* Pagination */ = {
			isa = PBXGroup;
			children = (
				8AF04AB726AE790700202054 /* AppDelegate.swift */,
				8AF04AB926AE790700202054 /* SceneDelegate.swift */,
				8AF04ABB26AE790700202054 /* ViewController.swift */,
				8AF04ABD26AE790700202054 /* Main.storyboard */,
				8AF04AC026AE790800202054 /* Assets.xcassets */,
				8AF04AC226AE790800202054 /* LaunchScreen.storyboard */,
				8AF04AC526AE790800202054 /* Info.plist */,
			);
			path = Pagination;
			sourceTree = "<group>";
		};
		8AF04ACD26AE790800202054 /* PaginationTests */ = {
			isa = PBXGroup;
			children = (
				8AF04ACE26AE790800202054 /* PaginationTests.swift */,
				8AF04AD026AE790800202054 /* Info.plist */,
			);
			path = PaginationTests;
			sourceTree = "<group>";
		};
		8AF04AD826AE790800202054 /* PaginationUITests */ = {
			isa = PBXGroup;
			children = (
				8AF04AD926AE790800202054 /* PaginationUITests.swift */,
				8AF04ADB26AE790800202054 /* Info.plist */,
			);
			path = PaginationUITests;
			sourceTree = "<group>";
		};
/* End PBXGroup section */

/* Begin PBXNativeTarget section */
		8AF04AB326AE790700202054 /* Pagination */ = {
			isa = PBXNativeTarget;
			buildConfigurationList = 8AF04ADE26AE790800202054 /* Build configuration list for PBXNativeTarget "Pagination" */;
			buildPhases = (
				8AF04AB026AE790700202054 /* Sources */,
				8AF04AB126AE790700202054 /* Frameworks */,
				8AF04AB226AE790700202054 /* Resources */,
			);
			buildRules = (
			);
			dependencies = (
			);
			name = Pagination;
			productName = Pagination;
			productReference = 8AF04AB426AE790700202054 /* Pagination.app */;
			productType = "com.apple.product-type.application";
		};
		8AF04AC926AE790800202054 /* PaginationTests */ = {
			isa = PBXNativeTarget;
			buildConfigurationList = 8AF04AE126AE790800202054 /* Build configuration list for PBXNativeTarget "PaginationTests" */;
			buildPhases = (
				8AF04AC626AE790800202054 /* Sources */,
				8AF04AC726AE790800202054 /* Frameworks */,
				8AF04AC826AE790800202054 /* Resources */,
			);
			buildRules = (
			);
			dependencies = (
				8AF04ACC26AE790800202054 /* PBXTargetDependency */,
			);
			name = PaginationTests;
			productName = PaginationTests;
			productReference = 8AF04ACA26AE790800202054 /* PaginationTests.xctest */;
			productType = "com.apple.product-type.bundle.unit-test";
		};
		8AF04AD426AE790800202054 /* PaginationUITests */ = {
			isa = PBXNativeTarget;
			buildConfigurationList = 8AF04AE426AE790800202054 /* Build configuration list for PBXNativeTarget "PaginationUITests" */;
			buildPhases = (
				8AF04AD126AE790800202054 /* Sources */,
				8AF04AD226AE790800202054 /* Frameworks */,
				8AF04AD326AE790800202054 /* Resources */,
			);
			buildRules = (
			);
			dependencies = (
				8AF04AD726AE790800202054 /* PBXTargetDependency */,
			);
			name = PaginationUITests;
			productName = PaginationUITests;
			productReference = 8AF04AD526AE790800202054 /* PaginationUITests.xctest */;
			productType = "com.apple.product-type.bundle.ui-testing";
		};
/* End PBXNativeTarget section */

/* Begin PBXProject section */
		8AF04AAC26AE790700202054 /* Project object */ = {
			isa = PBXProject;
			attributes = {
				LastSwiftUpdateCheck = 1220;
				LastUpgradeCheck = 1220;
				TargetAttributes = {
					8AF04AB326AE790700202054 = {
						CreatedOnToolsVersion = 12.2;
					};
					8AF04AC926AE790800202054 = {
						CreatedOnToolsVersion = 12.2;
						TestTargetID = 8AF04AB326AE790700202054;
					};
					8AF04AD426AE790800202054 = {
						CreatedOnToolsVersion = 12.2;
						TestTargetID = 8AF04AB326AE790700202054;
					};
				};
			};
			buildConfigurationList = 8AF04AAF26AE790700202054 /* Build configuration list for PBXProject "Pagination" */;
			compatibilityVersion = "Xcode 9.3";
			developmentRegion = en;
			hasScannedForEncodings = 0;
			knownRegions = (
				en,
				Base,
			);
			mainGroup = 8AF04AAB26AE790700202054;
			productRefGroup = 8AF04AB526AE790700202054 /* Products */;
			projectDirPath = "";
			projectRoot = "";
			targets = (
				8AF04AB326AE790700202054 /* Pagination */,
				8AF04AC926AE790800202054 /* PaginationTests */,
				8AF04AD426AE790800202054 /* PaginationUITests */,
			);
		};
/* End PBXProject section */

/* Begin PBXResourcesBuildPhase section */
		8AF04AB226AE790700202054 /* Resources */ = {
			isa = PBXResourcesBuildPhase;
			buildActionMask = 2147483647;
			files = (
				8AF04AC426AE790800202054 /* LaunchScreen.storyboard in Resources */,
				8AF04AC126AE790800202054 /* Assets.xcassets in Resources */,
				8AF04ABF26AE790700202054 /* Main.storyboard in Resources */,
			);
			runOnlyForDeploymentPostprocessing = 0;
		};
		8AF04AC826AE790800202054 /* Resources */ = {
			isa = PBXResourcesBuildPhase;
			buildActionMask = 2147483647;
			files = (
			);
			runOnlyForDeploymentPostprocessing = 0;
		};
		8AF04AD326AE790800202054 /* Resources */ = {
			isa = PBXResourcesBuildPhase;
			buildActionMask = 2147483647;
			files = (
			);
			runOnlyForDeploymentPostprocessing = 0;
		};
/* End PBXResourcesBuildPhase section */

/* Begin PBXSourcesBuildPhase section */
		8AF04AB026AE790700202054 /* Sources */ = {
			isa = PBXSourcesBuildPhase;
			buildActionMask = 2147483647;
			files = (
				8AF04ABC26AE790700202054 /* ViewController.swift in Sources */,
				8AF04AB826AE790700202054 /* AppDelegate.swift in Sources */,
				8AF04ABA26AE790700202054 /* SceneDelegate.swift in Sources */,
			);
			runOnlyForDeploymentPostprocessing = 0;
		};
		8AF04AC626AE790800202054 /* Sources */ = {
			isa = PBXSourcesBuildPhase;
			buildActionMask = 2147483647;
			files = (
				8AF04ACF26AE790800202054 /* PaginationTests.swift in Sources */,
			);
			runOnlyForDeploymentPostprocessing = 0;
		};
		8AF04AD126AE790800202054 /* Sources */ = {
			isa = PBXSourcesBuildPhase;
			buildActionMask = 2147483647;
			files = (
				8AF04ADA26AE790800202054 /* PaginationUITests.swift in Sources */,
			);
			runOnlyForDeploymentPostprocessing = 0;
		};
/* End PBXSourcesBuildPhase section */

/* Begin PBXTargetDependency section */
		8AF04ACC26AE790800202054 /* PBXTargetDependency */ = {
			isa = PBXTargetDependency;
			target = 8AF04AB326AE790700202054 /* Pagination */;
			targetProxy = 8AF04ACB26AE790800202054 /* PBXContainerItemProxy */;
		};
		8AF04AD726AE790800202054 /* PBXTargetDependency */ = {
			isa = PBXTargetDependency;
			target = 8AF04AB326AE790700202054 /* Pagination */;
			targetProxy = 8AF04AD626AE790800202054 /* PBXContainerItemProxy */;
		};
/* End PBXTargetDependency section */

/* Begin PBXVariantGroup section */
		8AF04ABD26AE790700202054 /* Main.storyboard */ = {
			isa = PBXVariantGroup;
			children = (
				8AF04ABE26AE790700202054 /* Base */,
			);
			name = Main.storyboard;
			sourceTree = "<group>";
		};
		8AF04AC226AE790800202054 /* LaunchScreen.storyboard */ = {
			isa = PBXVariantGroup;
			children = (
				8AF04AC326AE790800202054 /* Base */,
			);
			name = LaunchScreen.storyboard;
			sourceTree = "<group>";
		};
/* End PBXVariantGroup section */

/* Begin XCBuildConfiguration section */
		8AF04ADC26AE790800202054 /* Debug */ = {
			isa = XCBuildConfiguration;
			buildSettings = {
				ALWAYS_SEARCH_USER_PATHS = NO;
				CLANG_ANALYZER_NONNULL = YES;
				CLANG_ANALYZER_NUMBER_OBJECT_CONVERSION = YES_AGGRESSIVE;
				CLANG_CXX_LANGUAGE_STANDARD = "gnu++14";
				CLANG_CXX_LIBRARY = "libc++";
				CLANG_ENABLE_MODULES = YES;
				CLANG_ENABLE_OBJC_ARC = YES;
				CLANG_ENABLE_OBJC_WEAK = YES;
				CLANG_WARN_BLOCK_CAPTURE_AUTORELEASING = YES;
				CLANG_WARN_BOOL_CONVERSION = YES;
				CLANG_WARN_COMMA = YES;
				CLANG_WARN_CONSTANT_CONVERSION = YES;
				CLANG_WARN_DEPRECATED_OBJC_IMPLEMENTATIONS = YES;
				CLANG_WARN_DIRECT_OBJC_ISA_USAGE = YES_ERROR;
				CLANG_WARN_DOCUMENTATION_COMMENTS = YES;
				CLANG_WARN_EMPTY_BODY = YES;
				CLANG_WARN_ENUM_CONVERSION = YES;
				CLANG_WARN_INFINITE_RECURSION = YES;
				CLANG_WARN_INT_CONVERSION = YES;
				CLANG_WARN_NON_LITERAL_NULL_CONVERSION = YES;
				CLANG_WARN_OBJC_IMPLICIT_RETAIN_SELF = YES;
				CLANG_WARN_OBJC_LITERAL_CONVERSION = YES;
				CLANG_WARN_OBJC_ROOT_CLASS = YES_ERROR;
				CLANG_WARN_QUOTED_INCLUDE_IN_FRAMEWORK_HEADER = YES;
				CLANG_WARN_RANGE_LOOP_ANALYSIS = YES;
				CLANG_WARN_STRICT_PROTOTYPES = YES;
				CLANG_WARN_SUSPICIOUS_MOVE = YES;
				CLANG_WARN_UNGUARDED_AVAILABILITY = YES_AGGRESSIVE;
				CLANG_WARN_UNREACHABLE_CODE = YES;
				CLANG_WARN__DUPLICATE_METHOD_MATCH = YES;
				COPY_PHASE_STRIP = NO;
				DEBUG_INFORMATION_FORMAT = dwarf;
				ENABLE_STRICT_OBJC_MSGSEND = YES;
				ENABLE_TESTABILITY = YES;
				GCC_C_LANGUAGE_STANDARD = gnu11;
				GCC_DYNAMIC_NO_PIC = NO;
				GCC_NO_COMMON_BLOCKS = YES;
				GCC_OPTIMIZATION_LEVEL = 0;
				GCC_PREPROCESSOR_DEFINITIONS = (
					"DEBUG=1",
					"$(inherited)",
				);
				GCC_WARN_64_TO_32_BIT_CONVERSION = YES;
				GCC_WARN_ABOUT_RETURN_TYPE = YES_ERROR;
				GCC_WARN_UNDECLARED_SELECTOR = YES;
				GCC_WARN_UNINITIALIZED_AUTOS = YES_AGGRESSIVE;
				GCC_WARN_UNUSED_FUNCTION = YES;
				GCC_WARN_UNUSED_VARIABLE = YES;
				IPHONEOS_DEPLOYMENT_TARGET = 14.2;
				MTL_ENABLE_DEBUG_INFO = INCLUDE_SOURCE;
				MTL_FAST_MATH = YES;
				ONLY_ACTIVE_ARCH = YES;
				SDKROOT = iphoneos;
				SWIFT_ACTIVE_COMPILATION_CONDITIONS = DEBUG;
				SWIFT_OPTIMIZATION_LEVEL = "-Onone";
			};
			name = Debug;
		};
		8AF04ADD26AE790800202054 /* Release */ = {
			isa = XCBuildConfiguration;
			buildSettings = {
				ALWAYS_SEARCH_USER_PATHS = NO;
				CLANG_ANALYZER_NONNULL = YES;
				CLANG_ANALYZER_NUMBER_OBJECT_CONVERSION = YES_AGGRESSIVE;
				CLANG_CXX_LANGUAGE_STANDARD = "gnu++14";
				CLANG_CXX_LIBRARY = "libc++";
				CLANG_ENABLE_MODULES = YES;
				CLANG_ENABLE_OBJC_ARC = YES;
				CLANG_ENABLE_OBJC_WEAK = YES;
				CLANG_WARN_BLOCK_CAPTURE_AUTORELEASING = YES;
				CLANG_WARN_BOOL_CONVERSION = YES;
				CLANG_WARN_COMMA = YES;
				CLANG_WARN_CONSTANT_CONVERSION = YES;
				CLANG_WARN_DEPRECATED_OBJC_IMPLEMENTATIONS = YES;
				CLANG_WARN_DIRECT_OBJC_ISA_USAGE = YES_ERROR;
				CLANG_WARN_DOCUMENTATION_COMMENTS = YES;
				CLANG_WARN_EMPTY_BODY = YES;
				CLANG_WARN_ENUM_CONVERSION = YES;
				CLANG_WARN_INFINITE_RECURSION = YES;
				CLANG_WARN_INT_CONVERSION = YES;
				CLANG_WARN_NON_LITERAL_NULL_CONVERSION = YES;
				CLANG_WARN_OBJC_IMPLICIT_RETAIN_SELF = YES;
				CLANG_WARN_OBJC_LITERAL_CONVERSION = YES;
				CLANG_WARN_OBJC_ROOT_CLASS = YES_ERROR;
				CLANG_WARN_QUOTED_INCLUDE_IN_FRAMEWORK_HEADER = YES;
				CLANG_WARN_RANGE_LOOP_ANALYSIS = YES;
				CLANG_WARN_STRICT_PROTOTYPES = YES;
				CLANG_WARN_SUSPICIOUS_MOVE = YES;
				CLANG_WARN_UNGUARDED_AVAILABILITY = YES_AGGRESSIVE;
				CLANG_WARN_UNREACHABLE_CODE = YES;
				CLANG_WARN__DUPLICATE_METHOD_MATCH = YES;
				COPY_PHASE_STRIP = NO;
				DEBUG_INFORMATION_FORMAT = "dwarf-with-dsym";
				ENABLE_NS_ASSERTIONS = NO;
				ENABLE_STRICT_OBJC_MSGSEND = YES;
				GCC_C_LANGUAGE_STANDARD = gnu11;
				GCC_NO_COMMON_BLOCKS = YES;
				GCC_WARN_64_TO_32_BIT_CONVERSION = YES;
				GCC_WARN_ABOUT_RETURN_TYPE = YES_ERROR;
				GCC_WARN_UNDECLARED_SELECTOR = YES;
				GCC_WARN_UNINITIALIZED_AUTOS = YES_AGGRESSIVE;
				GCC_WARN_UNUSED_FUNCTION = YES;
				GCC_WARN_UNUSED_VARIABLE = YES;
				IPHONEOS_DEPLOYMENT_TARGET = 14.2;
				MTL_ENABLE_DEBUG_INFO = NO;
				MTL_FAST_MATH = YES;
				SDKROOT = iphoneos;
				SWIFT_COMPILATION_MODE = wholemodule;
				SWIFT_OPTIMIZATION_LEVEL = "-O";
				VALIDATE_PRODUCT = YES;
			};
			name = Release;
		};
		8AF04ADF26AE790800202054 /* Debug */ = {
			isa = XCBuildConfiguration;
			buildSettings = {
				ASSETCATALOG_COMPILER_APPICON_NAME = AppIcon;
				ASSETCATALOG_COMPILER_GLOBAL_ACCENT_COLOR_NAME = AccentColor;
				CODE_SIGN_STYLE = Automatic;
				DEVELOPMENT_TEAM = 6MXZ3WQPV6;
				INFOPLIST_FILE = Pagination/Info.plist;
				LD_RUNPATH_SEARCH_PATHS = (
					"$(inherited)",
					"@executable_path/Frameworks",
				);
				PRODUCT_BUNDLE_IDENTIFIER = "com.mounika-madishetti.Pagination";
				PRODUCT_NAME = "$(TARGET_NAME)";
				SWIFT_VERSION = 5.0;
				TARGETED_DEVICE_FAMILY = "1,2";
			};
			name = Debug;
		};
		8AF04AE026AE790800202054 /* Release */ = {
			isa = XCBuildConfiguration;
			buildSettings = {
				ASSETCATALOG_COMPILER_APPICON_NAME = AppIcon;
				ASSETCATALOG_COMPILER_GLOBAL_ACCENT_COLOR_NAME = AccentColor;
				CODE_SIGN_STYLE = Automatic;
				DEVELOPMENT_TEAM = 6MXZ3WQPV6;
				INFOPLIST_FILE = Pagination/Info.plist;
				LD_RUNPATH_SEARCH_PATHS = (
					"$(inherited)",
					"@executable_path/Frameworks",
				);
				PRODUCT_BUNDLE_IDENTIFIER = "com.mounika-madishetti.Pagination";
				PRODUCT_NAME = "$(TARGET_NAME)";
				SWIFT_VERSION = 5.0;
				TARGETED_DEVICE_FAMILY = "1,2";
			};
			name = Release;
		};
		8AF04AE226AE790800202054 /* Debug */ = {
			isa = XCBuildConfiguration;
			buildSettings = {
				ALWAYS_EMBED_SWIFT_STANDARD_LIBRARIES = YES;
				BUNDLE_LOADER = "$(TEST_HOST)";
				CODE_SIGN_STYLE = Automatic;
				DEVELOPMENT_TEAM = 6MXZ3WQPV6;
				INFOPLIST_FILE = PaginationTests/Info.plist;
				IPHONEOS_DEPLOYMENT_TARGET = 14.2;
				LD_RUNPATH_SEARCH_PATHS = (
					"$(inherited)",
					"@executable_path/Frameworks",
					"@loader_path/Frameworks",
				);
				PRODUCT_BUNDLE_IDENTIFIER = "com.mounika-madishetti.PaginationTests";
				PRODUCT_NAME = "$(TARGET_NAME)";
				SWIFT_VERSION = 5.0;
				TARGETED_DEVICE_FAMILY = "1,2";
				TEST_HOST = "$(BUILT_PRODUCTS_DIR)/Pagination.app/Pagination";
			};
			name = Debug;
		};
		8AF04AE326AE790800202054 /* Release */ = {
			isa = XCBuildConfiguration;
			buildSettings = {
				ALWAYS_EMBED_SWIFT_STANDARD_LIBRARIES = YES;
				BUNDLE_LOADER = "$(TEST_HOST)";
				CODE_SIGN_STYLE = Automatic;
				DEVELOPMENT_TEAM = 6MXZ3WQPV6;
				INFOPLIST_FILE = PaginationTests/Info.plist;
				IPHONEOS_DEPLOYMENT_TARGET = 14.2;
				LD_RUNPATH_SEARCH_PATHS = (
					"$(inherited)",
					"@executable_path/Frameworks",
					"@loader_path/Frameworks",
				);
				PRODUCT_BUNDLE_IDENTIFIER = "com.mounika-madishetti.PaginationTests";
				PRODUCT_NAME = "$(TARGET_NAME)";
				SWIFT_VERSION = 5.0;
				TARGETED_DEVICE_FAMILY = "1,2";
				TEST_HOST = "$(BUILT_PRODUCTS_DIR)/Pagination.app/Pagination";
			};
			name = Release;
		};
		8AF04AE526AE790800202054 /* Debug */ = {
			isa = XCBuildConfiguration;
			buildSettings = {
				ALWAYS_EMBED_SWIFT_STANDARD_LIBRARIES = YES;
				CODE_SIGN_STYLE = Automatic;
				DEVELOPMENT_TEAM = 6MXZ3WQPV6;
				INFOPLIST_FILE = PaginationUITests/Info.plist;
				LD_RUNPATH_SEARCH_PATHS = (
					"$(inherited)",
					"@executable_path/Frameworks",
					"@loader_path/Frameworks",
				);
				PRODUCT_BUNDLE_IDENTIFIER = "com.mounika-madishetti.PaginationUITests";
				PRODUCT_NAME = "$(TARGET_NAME)";
				SWIFT_VERSION = 5.0;
				TARGETED_DEVICE_FAMILY = "1,2";
				TEST_TARGET_NAME = Pagination;
			};
			name = Debug;
		};
		8AF04AE626AE790800202054 /* Release */ = {
			isa = XCBuildConfiguration;
			buildSettings = {
				ALWAYS_EMBED_SWIFT_STANDARD_LIBRARIES = YES;
				CODE_SIGN_STYLE = Automatic;
				DEVELOPMENT_TEAM = 6MXZ3WQPV6;
				INFOPLIST_FILE = PaginationUITests/Info.plist;
				LD_RUNPATH_SEARCH_PATHS = (
					"$(inherited)",
					"@executable_path/Frameworks",
					"@loader_path/Frameworks",
				);
				PRODUCT_BUNDLE_IDENTIFIER = "com.mounika-madishetti.PaginationUITests";
				PRODUCT_NAME = "$(TARGET_NAME)";
				SWIFT_VERSION = 5.0;
				TARGETED_DEVICE_FAMILY = "1,2";
				TEST_TARGET_NAME = Pagination;
			};
			name = Release;
		};
/* End XCBuildConfiguration section */

/* Begin XCConfigurationList section */
		8AF04AAF26AE790700202054 /* Build configuration list for PBXProject "Pagination" */ = {
			isa = XCConfigurationList;
			buildConfigurations = (
				8AF04ADC26AE790800202054 /* Debug */,
				8AF04ADD26AE790800202054 /* Release */,
			);
			defaultConfigurationIsVisible = 0;
			defaultConfigurationName = Release;
		};
		8AF04ADE26AE790800202054 /* Build configuration list for PBXNativeTarget "Pagination" */ = {
			isa = XCConfigurationList;
			buildConfigurations = (
				8AF04ADF26AE790800202054 /* Debug */,
				8AF04AE026AE790800202054 /* Release */,
			);
			defaultConfigurationIsVisible = 0;
			defaultConfigurationName = Release;
		};
		8AF04AE126AE790800202054 /* Build configuration list for PBXNativeTarget "PaginationTests" */ = {
			isa = XCConfigurationList;
			buildConfigurations = (
				8AF04AE226AE790800202054 /* Debug */,
				8AF04AE326AE790800202054 /* Release */,
			);
			defaultConfigurationIsVisible = 0;
			defaultConfigurationName = Release;
		};
		8AF04AE426AE790800202054 /* Build configuration list for PBXNativeTarget "PaginationUITests" */ = {
			isa = XCConfigurationList;
			buildConfigurations = (
				8AF04AE526AE790800202054 /* Debug */,
				8AF04AE626AE790800202054 /* Release */,
			);
			defaultConfigurationIsVisible = 0;
			defaultConfigurationName = Release;
		};
/* End XCConfigurationList section */
	};
	rootObject = 8AF04AAC26AE790700202054 /* Project object */;
}
